
Microsoft Visual Studio Solution File, Format Version 12.00
# Visual Studio Version 17
VisualStudioVersion = 17.14.36429.23 d17.14
MinimumVisualStudioVersion = 10.0.40219.1
Project("{FAE04EC0-301F-11D3-BF4B-00C04F79EFBC}") = "AMI_WebAPI", "AMI_WebAPI.csproj", "{A9A880F9-F0A7-4F8C-B29F-8A86FE8AC483}"
EndProject
Global
	GlobalSection(SolutionConfigurationPlatforms) = preSolution
		Debug|Any CPU = Debug|Any CPU
		Release|Any CPU = Release|Any CPU
	EndGlobalSection
	GlobalSection(ProjectConfigurationPlatforms) = postSolution
		{A9A880F9-F0A7-4F8C-B29F-8A86FE8AC483}.Debug|Any CPU.ActiveCfg = Debug|Any CPU
		{A9A880F9-F0A7-4F8C-B29F-8A86FE8AC483}.Debug|Any CPU.Build.0 = Debug|Any CPU
		{A9A880F9-F0A7-4F8C-B29F-8A86FE8AC483}.Release|Any CPU.ActiveCfg = Release|Any CPU
		{A9A880F9-F0A7-4F8C-B29F-8A86FE8AC483}.Release|Any CPU.Build.0 = Release|Any CPU
	EndGlobalSection
	GlobalSection(SolutionProperties) = preSolution
		HideSolutionNode = FALSE
	EndGlobalSection
	GlobalSection(ExtensibilityGlobals) = postSolution
		SolutionGuid = {E0F6A24D-2DB3-4FC9-9831-492A421FD6DB}
	EndGlobalSection
EndGlobal
